// !$*UTF8*$!
{
	archiveVersion = 1;
	classes = {
	};
	objectVersion = 50;
	objects = {

/* Begin PBXBuildFile section */
		62B181EC26F119BF00FF8180 /* TheTrailApp.swift in Sources */ = {isa = PBXBuildFile; fileRef = 62B181EB26F119BF00FF8180 /* TheTrailApp.swift */; };
		62B181EE26F119BF00FF8180 /* ContentView.swift in Sources */ = {isa = PBXBuildFile; fileRef = 62B181ED26F119BF00FF8180 /* ContentView.swift */; };
		62B181F026F119C500FF8180 /* Assets.xcassets in Resources */ = {isa = PBXBuildFile; fileRef = 62B181EF26F119C500FF8180 /* Assets.xcassets */; };
		62B181F326F119C500FF8180 /* Preview Assets.xcassets in Resources */ = {isa = PBXBuildFile; fileRef = 62B181F226F119C500FF8180 /* Preview Assets.xcassets */; };
		62B181FE26F119C600FF8180 /* TheTrailTests.swift in Sources */ = {isa = PBXBuildFile; fileRef = 62B181FD26F119C600FF8180 /* TheTrailTests.swift */; };
		62B1820926F119C600FF8180 /* TheTrailUITests.swift in Sources */ = {isa = PBXBuildFile; fileRef = 62B1820826F119C600FF8180 /* TheTrailUITests.swift */; };
		62B1821826F11E6D00FF8180 /* Rectangle.swift in Sources */ = {isa = PBXBuildFile; fileRef = 62B1821726F11E6D00FF8180 /* Rectangle.swift */; };
		62B1821A26F26AAC00FF8180 /* TitleScreen.swift in Sources */ = {isa = PBXBuildFile; fileRef = 62B1821926F26AAC00FF8180 /* TitleScreen.swift */; };
		62B1821D26F26CFC00FF8180 /* RecButton.swift in Sources */ = {isa = PBXBuildFile; fileRef = 62B1821C26F26CFC00FF8180 /* RecButton.swift */; };
/* End PBXBuildFile section */

/* Begin PBXContainerItemProxy section */
		62B181FA26F119C600FF8180 /* PBXContainerItemProxy */ = {
			isa = PBXContainerItemProxy;
			containerPortal = 62B181E026F119BF00FF8180 /* Project object */;
			proxyType = 1;
			remoteGlobalIDString = 62B181E726F119BF00FF8180;
			remoteInfo = TheTrail;
		};
		62B1820526F119C600FF8180 /* PBXContainerItemProxy */ = {
			isa = PBXContainerItemProxy;
			containerPortal = 62B181E026F119BF00FF8180 /* Project object */;
			proxyType = 1;
			remoteGlobalIDString = 62B181E726F119BF00FF8180;
			remoteInfo = TheTrail;
		};
/* End PBXContainerItemProxy section */

/* Begin PBXFileReference section */
		62B181E826F119BF00FF8180 /* TheTrail.app */ = {isa = PBXFileReference; explicitFileType = wrapper.application; includeInIndex = 0; path = TheTrail.app; sourceTree = BUILT_PRODUCTS_DIR; };
		62B181EB26F119BF00FF8180 /* TheTrailApp.swift */ = {isa = PBXFileReference; lastKnownFileType = sourcecode.swift; path = TheTrailApp.swift; sourceTree = "<group>"; };
		62B181ED26F119BF00FF8180 /* ContentView.swift */ = {isa = PBXFileReference; lastKnownFileType = sourcecode.swift; path = ContentView.swift; sourceTree = "<group>"; };
		62B181EF26F119C500FF8180 /* Assets.xcassets */ = {isa = PBXFileReference; lastKnownFileType = folder.assetcatalog; path = Assets.xcassets; sourceTree = "<group>"; };
		62B181F226F119C500FF8180 /* Preview Assets.xcassets */ = {isa = PBXFileReference; lastKnownFileType = folder.assetcatalog; path = "Preview Assets.xcassets"; sourceTree = "<group>"; };
		62B181F426F119C500FF8180 /* Info.plist */ = {isa = PBXFileReference; lastKnownFileType = text.plist.xml; path = Info.plist; sourceTree = "<group>"; };
		62B181F926F119C600FF8180 /* TheTrailTests.xctest */ = {isa = PBXFileReference; explicitFileType = wrapper.cfbundle; includeInIndex = 0; path = TheTrailTests.xctest; sourceTree = BUILT_PRODUCTS_DIR; };
		62B181FD26F119C600FF8180 /* TheTrailTests.swift */ = {isa = PBXFileReference; lastKnownFileType = sourcecode.swift; path = TheTrailTests.swift; sourceTree = "<group>"; };
		62B181FF26F119C600FF8180 /* Info.plist */ = {isa = PBXFileReference; lastKnownFileType = text.plist.xml; path = Info.plist; sourceTree = "<group>"; };
		62B1820426F119C600FF8180 /* TheTrailUITests.xctest */ = {isa = PBXFileReference; explicitFileType = wrapper.cfbundle; includeInIndex = 0; path = TheTrailUITests.xctest; sourceTree = BUILT_PRODUCTS_DIR; };
		62B1820826F119C600FF8180 /* TheTrailUITests.swift */ = {isa = PBXFileReference; lastKnownFileType = sourcecode.swift; path = TheTrailUITests.swift; sourceTree = "<group>"; };
		62B1820A26F119C600FF8180 /* Info.plist */ = {isa = PBXFileReference; lastKnownFileType = text.plist.xml; path = Info.plist; sourceTree = "<group>"; };
		62B1821726F11E6D00FF8180 /* Rectangle.swift */ = {isa = PBXFileReference; lastKnownFileType = sourcecode.swift; path = Rectangle.swift; sourceTree = "<group>"; };
		62B1821926F26AAC00FF8180 /* TitleScreen.swift */ = {isa = PBXFileReference; lastKnownFileType = sourcecode.swift; path = TitleScreen.swift; sourceTree = "<group>"; };
		62B1821C26F26CFC00FF8180 /* RecButton.swift */ = {isa = PBXFileReference; lastKnownFileType = sourcecode.swift; path = RecButton.swift; sourceTree = "<group>"; };
/* End PBXFileReference section */

/* Begin PBXFrameworksBuildPhase section */
		62B181E526F119BF00FF8180 /* Frameworks */ = {
			isa = PBXFrameworksBuildPhase;
			buildActionMask = 2147483647;
			files = (
			);
			runOnlyForDeploymentPostprocessing = 0;
		};
		62B181F626F119C600FF8180 /* Frameworks */ = {
			isa = PBXFrameworksBuildPhase;
			buildActionMask = 2147483647;
			files = (
			);
			runOnlyForDeploymentPostprocessing = 0;
		};
		62B1820126F119C600FF8180 /* Frameworks */ = {
			isa = PBXFrameworksBuildPhase;
			buildActionMask = 2147483647;
			files = (
			);
			runOnlyForDeploymentPostprocessing = 0;
		};
/* End PBXFrameworksBuildPhase section */

/* Begin PBXGroup section */
		62B181DF26F119BF00FF8180 = {
			isa = PBXGroup;
			children = (
				62B181EA26F119BF00FF8180 /* TheTrail */,
				62B181FC26F119C600FF8180 /* TheTrailTests */,
				62B1820726F119C600FF8180 /* TheTrailUITests */,
				62B181E926F119BF00FF8180 /* Products */,
			);
			sourceTree = "<group>";
		};
		62B181E926F119BF00FF8180 /* Products */ = {
			isa = PBXGroup;
			children = (
				62B181E826F119BF00FF8180 /* TheTrail.app */,
				62B181F926F119C600FF8180 /* TheTrailTests.xctest */,
				62B1820426F119C600FF8180 /* TheTrailUITests.xctest */,
			);
			name = Products;
			sourceTree = "<group>";
		};
		62B181EA26F119BF00FF8180 /* TheTrail */ = {
			isa = PBXGroup;
			children = (
				62B181EB26F119BF00FF8180 /* TheTrailApp.swift */,
				62B1821626F11DC400FF8180 /* Views */,
				62B181EF26F119C500FF8180 /* Assets.xcassets */,
				62B181F426F119C500FF8180 /* Info.plist */,
				62B181F126F119C500FF8180 /* Preview Content */,
			);
			path = TheTrail;
			sourceTree = "<group>";
		};
		62B181F126F119C500FF8180 /* Preview Content */ = {
			isa = PBXGroup;
			children = (
				62B181F226F119C500FF8180 /* Preview Assets.xcassets */,
			);
			path = "Preview Content";
			sourceTree = "<group>";
		};
		62B181FC26F119C600FF8180 /* TheTrailTests */ = {
			isa = PBXGroup;
			children = (
				62B181FD26F119C600FF8180 /* TheTrailTests.swift */,
				62B181FF26F119C600FF8180 /* Info.plist */,
			);
			path = TheTrailTests;
			sourceTree = "<group>";
		};
		62B1820726F119C600FF8180 /* TheTrailUITests */ = {
			isa = PBXGroup;
			children = (
				62B1820826F119C600FF8180 /* TheTrailUITests.swift */,
				62B1820A26F119C600FF8180 /* Info.plist */,
			);
			path = TheTrailUITests;
			sourceTree = "<group>";
		};
		62B1821626F11DC400FF8180 /* Views */ = {
			isa = PBXGroup;
			children = (
				62B181ED26F119BF00FF8180 /* ContentView.swift */,
				62B1821926F26AAC00FF8180 /* TitleScreen.swift */,
				62B1821B26F26BEE00FF8180 /* Button */,
			);
			path = Views;
			sourceTree = "<group>";
		};
		62B1821B26F26BEE00FF8180 /* Button */ = {
			isa = PBXGroup;
			children = (
				62B1821726F11E6D00FF8180 /* Rectangle.swift */,
				62B1821C26F26CFC00FF8180 /* RecButton.swift */,
			);
			path = Button;
			sourceTree = "<group>";
		};
/* End PBXGroup section */

/* Begin PBXNativeTarget section */
		62B181E726F119BF00FF8180 /* TheTrail */ = {
			isa = PBXNativeTarget;
			buildConfigurationList = 62B1820D26F119C600FF8180 /* Build configuration list for PBXNativeTarget "TheTrail" */;
			buildPhases = (
				62B181E426F119BF00FF8180 /* Sources */,
				62B181E526F119BF00FF8180 /* Frameworks */,
				62B181E626F119BF00FF8180 /* Resources */,
			);
			buildRules = (
			);
			dependencies = (
			);
			name = TheTrail;
			productName = TheTrail;
			productReference = 62B181E826F119BF00FF8180 /* TheTrail.app */;
			productType = "com.apple.product-type.application";
		};
		62B181F826F119C600FF8180 /* TheTrailTests */ = {
			isa = PBXNativeTarget;
			buildConfigurationList = 62B1821026F119C600FF8180 /* Build configuration list for PBXNativeTarget "TheTrailTests" */;
			buildPhases = (
				62B181F526F119C600FF8180 /* Sources */,
				62B181F626F119C600FF8180 /* Frameworks */,
				62B181F726F119C600FF8180 /* Resources */,
			);
			buildRules = (
			);
			dependencies = (
				62B181FB26F119C600FF8180 /* PBXTargetDependency */,
			);
			name = TheTrailTests;
			productName = TheTrailTests;
			productReference = 62B181F926F119C600FF8180 /* TheTrailTests.xctest */;
			productType = "com.apple.product-type.bundle.unit-test";
		};
		62B1820326F119C600FF8180 /* TheTrailUITests */ = {
			isa = PBXNativeTarget;
			buildConfigurationList = 62B1821326F119C600FF8180 /* Build configuration list for PBXNativeTarget "TheTrailUITests" */;
			buildPhases = (
				62B1820026F119C600FF8180 /* Sources */,
				62B1820126F119C600FF8180 /* Frameworks */,
				62B1820226F119C600FF8180 /* Resources */,
			);
			buildRules = (
			);
			dependencies = (
				62B1820626F119C600FF8180 /* PBXTargetDependency */,
			);
			name = TheTrailUITests;
			productName = TheTrailUITests;
			productReference = 62B1820426F119C600FF8180 /* TheTrailUITests.xctest */;
			productType = "com.apple.product-type.bundle.ui-testing";
		};
/* End PBXNativeTarget section */

/* Begin PBXProject section */
		62B181E026F119BF00FF8180 /* Project object */ = {
			isa = PBXProject;
			attributes = {
				LastSwiftUpdateCheck = 1250;
				LastUpgradeCheck = 1250;
				TargetAttributes = {
					62B181E726F119BF00FF8180 = {
						CreatedOnToolsVersion = 12.5.1;
					};
					62B181F826F119C600FF8180 = {
						CreatedOnToolsVersion = 12.5.1;
						TestTargetID = 62B181E726F119BF00FF8180;
					};
					62B1820326F119C600FF8180 = {
						CreatedOnToolsVersion = 12.5.1;
						TestTargetID = 62B181E726F119BF00FF8180;
					};
				};
			};
			buildConfigurationList = 62B181E326F119BF00FF8180 /* Build configuration list for PBXProject "TheTrail" */;
			compatibilityVersion = "Xcode 9.3";
			developmentRegion = en;
			hasScannedForEncodings = 0;
			knownRegions = (
				en,
				Base,
			);
			mainGroup = 62B181DF26F119BF00FF8180;
			productRefGroup = 62B181E926F119BF00FF8180 /* Products */;
			projectDirPath = "";
			projectRoot = "";
			targets = (
				62B181E726F119BF00FF8180 /* TheTrail */,
				62B181F826F119C600FF8180 /* TheTrailTests */,
				62B1820326F119C600FF8180 /* TheTrailUITests */,
			);
		};
/* End PBXProject section */

/* Begin PBXResourcesBuildPhase section */
		62B181E626F119BF00FF8180 /* Resources */ = {
			isa = PBXResourcesBuildPhase;
			buildActionMask = 2147483647;
			files = (
				62B181F326F119C500FF8180 /* Preview Assets.xcassets in Resources */,
				62B181F026F119C500FF8180 /* Assets.xcassets in Resources */,
			);
			runOnlyForDeploymentPostprocessing = 0;
		};
		62B181F726F119C600FF8180 /* Resources */ = {
			isa = PBXResourcesBuildPhase;
			buildActionMask = 2147483647;
			files = (
			);
			runOnlyForDeploymentPostprocessing = 0;
		};
		62B1820226F119C600FF8180 /* Resources */ = {
			isa = PBXResourcesBuildPhase;
			buildActionMask = 2147483647;
			files = (
			);
			runOnlyForDeploymentPostprocessing = 0;
		};
/* End PBXResourcesBuildPhase section */

/* Begin PBXSourcesBuildPhase section */
		62B181E426F119BF00FF8180 /* Sources */ = {
			isa = PBXSourcesBuildPhase;
			buildActionMask = 2147483647;
			files = (
				62B181EE26F119BF00FF8180 /* ContentView.swift in Sources */,
				62B1821826F11E6D00FF8180 /* Rectangle.swift in Sources */,
				62B1821D26F26CFC00FF8180 /* RecButton.swift in Sources */,
				62B1821A26F26AAC00FF8180 /* TitleScreen.swift in Sources */,
				62B181EC26F119BF00FF8180 /* TheTrailApp.swift in Sources */,
			);
			runOnlyForDeploymentPostprocessing = 0;
		};
		62B181F526F119C600FF8180 /* Sources */ = {
			isa = PBXSourcesBuildPhase;
			buildActionMask = 2147483647;
			files = (
				62B181FE26F119C600FF8180 /* TheTrailTests.swift in Sources */,
			);
			runOnlyForDeploymentPostprocessing = 0;
		};
		62B1820026F119C600FF8180 /* Sources */ = {
			isa = PBXSourcesBuildPhase;
			buildActionMask = 2147483647;
			files = (
				62B1820926F119C600FF8180 /* TheTrailUITests.swift in Sources */,
			);
			runOnlyForDeploymentPostprocessing = 0;
		};
/* End PBXSourcesBuildPhase section */

/* Begin PBXTargetDependency section */
		62B181FB26F119C600FF8180 /* PBXTargetDependency */ = {
			isa = PBXTargetDependency;
			target = 62B181E726F119BF00FF8180 /* TheTrail */;
			targetProxy = 62B181FA26F119C600FF8180 /* PBXContainerItemProxy */;
		};
		62B1820626F119C600FF8180 /* PBXTargetDependency */ = {
			isa = PBXTargetDependency;
			target = 62B181E726F119BF00FF8180 /* TheTrail */;
			targetProxy = 62B1820526F119C600FF8180 /* PBXContainerItemProxy */;
		};
/* End PBXTargetDependency section */

/* Begin XCBuildConfiguration section */
		62B1820B26F119C600FF8180 /* Debug */ = {
			isa = XCBuildConfiguration;
			buildSettings = {
				ALWAYS_SEARCH_USER_PATHS = NO;
				CLANG_ANALYZER_NONNULL = YES;
				CLANG_ANALYZER_NUMBER_OBJECT_CONVERSION = YES_AGGRESSIVE;
				CLANG_CXX_LANGUAGE_STANDARD = "gnu++14";
				CLANG_CXX_LIBRARY = "libc++";
				CLANG_ENABLE_MODULES = YES;
				CLANG_ENABLE_OBJC_ARC = YES;
				CLANG_ENABLE_OBJC_WEAK = YES;
				CLANG_WARN_BLOCK_CAPTURE_AUTORELEASING = YES;
				CLANG_WARN_BOOL_CONVERSION = YES;
				CLANG_WARN_COMMA = YES;
				CLANG_WARN_CONSTANT_CONVERSION = YES;
				CLANG_WARN_DEPRECATED_OBJC_IMPLEMENTATIONS = YES;
				CLANG_WARN_DIRECT_OBJC_ISA_USAGE = YES_ERROR;
				CLANG_WARN_DOCUMENTATION_COMMENTS = YES;
				CLANG_WARN_EMPTY_BODY = YES;
				CLANG_WARN_ENUM_CONVERSION = YES;
				CLANG_WARN_INFINITE_RECURSION = YES;
				CLANG_WARN_INT_CONVERSION = YES;
				CLANG_WARN_NON_LITERAL_NULL_CONVERSION = YES;
				CLANG_WARN_OBJC_IMPLICIT_RETAIN_SELF = YES;
				CLANG_WARN_OBJC_LITERAL_CONVERSION = YES;
				CLANG_WARN_OBJC_ROOT_CLASS = YES_ERROR;
				CLANG_WARN_QUOTED_INCLUDE_IN_FRAMEWORK_HEADER = YES;
				CLANG_WARN_RANGE_LOOP_ANALYSIS = YES;
				CLANG_WARN_STRICT_PROTOTYPES = YES;
				CLANG_WARN_SUSPICIOUS_MOVE = YES;
				CLANG_WARN_UNGUARDED_AVAILABILITY = YES_AGGRESSIVE;
				CLANG_WARN_UNREACHABLE_CODE = YES;
				CLANG_WARN__DUPLICATE_METHOD_MATCH = YES;
				COPY_PHASE_STRIP = NO;
				DEBUG_INFORMATION_FORMAT = dwarf;
				ENABLE_STRICT_OBJC_MSGSEND = YES;
				ENABLE_TESTABILITY = YES;
				GCC_C_LANGUAGE_STANDARD = gnu11;
				GCC_DYNAMIC_NO_PIC = NO;
				GCC_NO_COMMON_BLOCKS = YES;
				GCC_OPTIMIZATION_LEVEL = 0;
				GCC_PREPROCESSOR_DEFINITIONS = (
					"DEBUG=1",
					"$(inherited)",
				);
				GCC_WARN_64_TO_32_BIT_CONVERSION = YES;
				GCC_WARN_ABOUT_RETURN_TYPE = YES_ERROR;
				GCC_WARN_UNDECLARED_SELECTOR = YES;
				GCC_WARN_UNINITIALIZED_AUTOS = YES_AGGRESSIVE;
				GCC_WARN_UNUSED_FUNCTION = YES;
				GCC_WARN_UNUSED_VARIABLE = YES;
				IPHONEOS_DEPLOYMENT_TARGET = 14.5;
				MTL_ENABLE_DEBUG_INFO = INCLUDE_SOURCE;
				MTL_FAST_MATH = YES;
				ONLY_ACTIVE_ARCH = YES;
				SDKROOT = iphoneos;
				SWIFT_ACTIVE_COMPILATION_CONDITIONS = DEBUG;
				SWIFT_OPTIMIZATION_LEVEL = "-Onone";
			};
			name = Debug;
		};
		62B1820C26F119C600FF8180 /* Release */ = {
			isa = XCBuildConfiguration;
			buildSettings = {
				ALWAYS_SEARCH_USER_PATHS = NO;
				CLANG_ANALYZER_NONNULL = YES;
				CLANG_ANALYZER_NUMBER_OBJECT_CONVERSION = YES_AGGRESSIVE;
				CLANG_CXX_LANGUAGE_STANDARD = "gnu++14";
				CLANG_CXX_LIBRARY = "libc++";
				CLANG_ENABLE_MODULES = YES;
				CLANG_ENABLE_OBJC_ARC = YES;
				CLANG_ENABLE_OBJC_WEAK = YES;
				CLANG_WARN_BLOCK_CAPTURE_AUTORELEASING = YES;
				CLANG_WARN_BOOL_CONVERSION = YES;
				CLANG_WARN_COMMA = YES;
				CLANG_WARN_CONSTANT_CONVERSION = YES;
				CLANG_WARN_DEPRECATED_OBJC_IMPLEMENTATIONS = YES;
				CLANG_WARN_DIRECT_OBJC_ISA_USAGE = YES_ERROR;
				CLANG_WARN_DOCUMENTATION_COMMENTS = YES;
				CLANG_WARN_EMPTY_BODY = YES;
				CLANG_WARN_ENUM_CONVERSION = YES;
				CLANG_WARN_INFINITE_RECURSION = YES;
				CLANG_WARN_INT_CONVERSION = YES;
				CLANG_WARN_NON_LITERAL_NULL_CONVERSION = YES;
				CLANG_WARN_OBJC_IMPLICIT_RETAIN_SELF = YES;
				CLANG_WARN_OBJC_LITERAL_CONVERSION = YES;
				CLANG_WARN_OBJC_ROOT_CLASS = YES_ERROR;
				CLANG_WARN_QUOTED_INCLUDE_IN_FRAMEWORK_HEADER = YES;
				CLANG_WARN_RANGE_LOOP_ANALYSIS = YES;
				CLANG_WARN_STRICT_PROTOTYPES = YES;
				CLANG_WARN_SUSPICIOUS_MOVE = YES;
				CLANG_WARN_UNGUARDED_AVAILABILITY = YES_AGGRESSIVE;
				CLANG_WARN_UNREACHABLE_CODE = YES;
				CLANG_WARN__DUPLICATE_METHOD_MATCH = YES;
				COPY_PHASE_STRIP = NO;
				DEBUG_INFORMATION_FORMAT = "dwarf-with-dsym";
				ENABLE_NS_ASSERTIONS = NO;
				ENABLE_STRICT_OBJC_MSGSEND = YES;
				GCC_C_LANGUAGE_STANDARD = gnu11;
				GCC_NO_COMMON_BLOCKS = YES;
				GCC_WARN_64_TO_32_BIT_CONVERSION = YES;
				GCC_WARN_ABOUT_RETURN_TYPE = YES_ERROR;
				GCC_WARN_UNDECLARED_SELECTOR = YES;
				GCC_WARN_UNINITIALIZED_AUTOS = YES_AGGRESSIVE;
				GCC_WARN_UNUSED_FUNCTION = YES;
				GCC_WARN_UNUSED_VARIABLE = YES;
				IPHONEOS_DEPLOYMENT_TARGET = 14.5;
				MTL_ENABLE_DEBUG_INFO = NO;
				MTL_FAST_MATH = YES;
				SDKROOT = iphoneos;
				SWIFT_COMPILATION_MODE = wholemodule;
				SWIFT_OPTIMIZATION_LEVEL = "-O";
				VALIDATE_PRODUCT = YES;
			};
			name = Release;
		};
		62B1820E26F119C600FF8180 /* Debug */ = {
			isa = XCBuildConfiguration;
			buildSettings = {
				ASSETCATALOG_COMPILER_APPICON_NAME = AppIcon;
				ASSETCATALOG_COMPILER_GLOBAL_ACCENT_COLOR_NAME = AccentColor;
				CODE_SIGN_STYLE = Automatic;
				DEVELOPMENT_ASSET_PATHS = "\"TheTrail/Preview Content\"";
				ENABLE_PREVIEWS = YES;
				INFOPLIST_FILE = TheTrail/Info.plist;
				IPHONEOS_DEPLOYMENT_TARGET = 14.0;
				LD_RUNPATH_SEARCH_PATHS = (
					"$(inherited)",
					"@executable_path/Frameworks",
				);
				PRODUCT_BUNDLE_IDENTIFIER = AppDev.TheTrail;
				PRODUCT_NAME = "$(TARGET_NAME)";
				SWIFT_VERSION = 5.0;
				TARGETED_DEVICE_FAMILY = "1,2";
			};
			name = Debug;
		};
		62B1820F26F119C600FF8180 /* Release */ = {
			isa = XCBuildConfiguration;
			buildSettings = {
				ASSETCATALOG_COMPILER_APPICON_NAME = AppIcon;
				ASSETCATALOG_COMPILER_GLOBAL_ACCENT_COLOR_NAME = AccentColor;
				CODE_SIGN_STYLE = Automatic;
				DEVELOPMENT_ASSET_PATHS = "\"TheTrail/Preview Content\"";
				ENABLE_PREVIEWS = YES;
				INFOPLIST_FILE = TheTrail/Info.plist;
				IPHONEOS_DEPLOYMENT_TARGET = 14.0;
				LD_RUNPATH_SEARCH_PATHS = (
					"$(inherited)",
					"@executable_path/Frameworks",
				);
				PRODUCT_BUNDLE_IDENTIFIER = AppDev.TheTrail;
				PRODUCT_NAME = "$(TARGET_NAME)";
				SWIFT_VERSION = 5.0;
				TARGETED_DEVICE_FAMILY = "1,2";
			};
			name = Release;
		};
		62B1821126F119C600FF8180 /* Debug */ = {
			isa = XCBuildConfiguration;
			buildSettings = {
				ALWAYS_EMBED_SWIFT_STANDARD_LIBRARIES = YES;
				BUNDLE_LOADER = "$(TEST_HOST)";
				CODE_SIGN_STYLE = Automatic;
				INFOPLIST_FILE = TheTrailTests/Info.plist;
				IPHONEOS_DEPLOYMENT_TARGET = 14.0;
				LD_RUNPATH_SEARCH_PATHS = (
					"$(inherited)",
					"@executable_path/Frameworks",
					"@loader_path/Frameworks",
				);
				PRODUCT_BUNDLE_IDENTIFIER = AppDev.TheTrailTests;
				PRODUCT_NAME = "$(TARGET_NAME)";
				SWIFT_VERSION = 5.0;
				TARGETED_DEVICE_FAMILY = "1,2";
				TEST_HOST = "$(BUILT_PRODUCTS_DIR)/TheTrail.app/TheTrail";
			};
			name = Debug;
		};
		62B1821226F119C600FF8180 /* Release */ = {
			isa = XCBuildConfiguration;
			buildSettings = {
				ALWAYS_EMBED_SWIFT_STANDARD_LIBRARIES = YES;
				BUNDLE_LOADER = "$(TEST_HOST)";
				CODE_SIGN_STYLE = Automatic;
				INFOPLIST_FILE = TheTrailTests/Info.plist;
				IPHONEOS_DEPLOYMENT_TARGET = 14.0;
				LD_RUNPATH_SEARCH_PATHS = (
					"$(inherited)",
					"@executable_path/Frameworks",
					"@loader_path/Frameworks",
				);
				PRODUCT_BUNDLE_IDENTIFIER = AppDev.TheTrailTests;
				PRODUCT_NAME = "$(TARGET_NAME)";
				SWIFT_VERSION = 5.0;
				TARGETED_DEVICE_FAMILY = "1,2";
				TEST_HOST = "$(BUILT_PRODUCTS_DIR)/TheTrail.app/TheTrail";
			};
			name = Release;
		};
		62B1821426F119C600FF8180 /* Debug */ = {
			isa = XCBuildConfiguration;
			buildSettings = {
				ALWAYS_EMBED_SWIFT_STANDARD_LIBRARIES = YES;
				CODE_SIGN_STYLE = Automatic;
				INFOPLIST_FILE = TheTrailUITests/Info.plist;
				LD_RUNPATH_SEARCH_PATHS = (
					"$(inherited)",
					"@executable_path/Frameworks",
					"@loader_path/Frameworks",
				);
				PRODUCT_BUNDLE_IDENTIFIER = AppDev.TheTrailUITests;
				PRODUCT_NAME = "$(TARGET_NAME)";
				SWIFT_VERSION = 5.0;
				TARGETED_DEVICE_FAMILY = "1,2";
				TEST_TARGET_NAME = TheTrail;
			};
			name = Debug;
		};
		62B1821526F119C600FF8180 /* Release */ = {
			isa = XCBuildConfiguration;
			buildSettings = {
				ALWAYS_EMBED_SWIFT_STANDARD_LIBRARIES = YES;
				CODE_SIGN_STYLE = Automatic;
				INFOPLIST_FILE = TheTrailUITests/Info.plist;
				LD_RUNPATH_SEARCH_PATHS = (
					"$(inherited)",
					"@executable_path/Frameworks",
					"@loader_path/Frameworks",
				);
				PRODUCT_BUNDLE_IDENTIFIER = AppDev.TheTrailUITests;
				PRODUCT_NAME = "$(TARGET_NAME)";
				SWIFT_VERSION = 5.0;
				TARGETED_DEVICE_FAMILY = "1,2";
				TEST_TARGET_NAME = TheTrail;
			};
			name = Release;
		};
/* End XCBuildConfiguration section */

/* Begin XCConfigurationList section */
		62B181E326F119BF00FF8180 /* Build configuration list for PBXProject "TheTrail" */ = {
			isa = XCConfigurationList;
			buildConfigurations = (
				62B1820B26F119C600FF8180 /* Debug */,
				62B1820C26F119C600FF8180 /* Release */,
			);
			defaultConfigurationIsVisible = 0;
			defaultConfigurationName = Release;
		};
		62B1820D26F119C600FF8180 /* Build configuration list for PBXNativeTarget "TheTrail" */ = {
			isa = XCConfigurationList;
			buildConfigurations = (
				62B1820E26F119C600FF8180 /* Debug */,
				62B1820F26F119C600FF8180 /* Release */,
			);
			defaultConfigurationIsVisible = 0;
			defaultConfigurationName = Release;
		};
		62B1821026F119C600FF8180 /* Build configuration list for PBXNativeTarget "TheTrailTests" */ = {
			isa = XCConfigurationList;
			buildConfigurations = (
				62B1821126F119C600FF8180 /* Debug */,
				62B1821226F119C600FF8180 /* Release */,
			);
			defaultConfigurationIsVisible = 0;
			defaultConfigurationName = Release;
		};
		62B1821326F119C600FF8180 /* Build configuration list for PBXNativeTarget "TheTrailUITests" */ = {
			isa = XCConfigurationList;
			buildConfigurations = (
				62B1821426F119C600FF8180 /* Debug */,
				62B1821526F119C600FF8180 /* Release */,
			);
			defaultConfigurationIsVisible = 0;
			defaultConfigurationName = Release;
		};
/* End XCConfigurationList section */
	};
	rootObject = 62B181E026F119BF00FF8180 /* Project object */;
}
